
Microsoft Visual Studio Solution File, Format Version 12.00
# Visual Studio 15
Project("{FAE04EC0-301F-11D3-BF4B-00C04F79EFBC}") = "AstarPathfindingProject", "AstarPathfindingProject.csproj", "{EBAB5EB1-2583-5632-1905-4465622CB3FE}"
EndProject
Project("{FAE04EC0-301F-11D3-BF4B-00C04F79EFBC}") = "Assembly-CSharp", "Assembly-CSharp.csproj", "{C176926D-4BF8-1F7C-352E-3AE12EF4AD52}"
EndProject
Project("{FAE04EC0-301F-11D3-BF4B-00C04F79EFBC}") = "Assembly-Baracuda-Monitoring", "Assembly-Baracuda-Monitoring.csproj", "{972A66B7-03CE-F1B3-5368-61AABEA5573E}"
EndProject
Project("{FAE04EC0-301F-11D3-BF4B-00C04F79EFBC}") = "Assembly-Baracuda-Pooling", "Assembly-Baracuda-Pooling.csproj", "{0D2EC563-CAC8-E2BA-7B87-A655B33E8256}"
EndProject
Project("{FAE04EC0-301F-11D3-BF4B-00C04F79EFBC}") = "Assembly-Baracuda-Monitoring.Example", "Assembly-Baracuda-Monitoring.Example.csproj", "{D3293A88-31AE-C57F-1341-750617C73CC1}"
EndProject
Project("{FAE04EC0-301F-11D3-BF4B-00C04F79EFBC}") = "Assembly-Baracuda-Threading", "Assembly-Baracuda-Threading.csproj", "{CD6CFFD5-B4A4-69EF-CF20-B85336E5B7AF}"
EndProject
Project("{FAE04EC0-301F-11D3-BF4B-00C04F79EFBC}") = "Assembly-Baracuda-Reflection", "Assembly-Baracuda-Reflection.csproj", "{24C270D6-C2A9-5C0F-3168-D3A7FF59DE1B}"
EndProject
Project("{FAE04EC0-301F-11D3-BF4B-00C04F79EFBC}") = "Assembly-Baracuda-Monitoring.GUI", "Assembly-Baracuda-Monitoring.GUI.csproj", "{945A19EA-B8DA-8E8A-5C05-2BD80E2410F6}"
EndProject
Project("{FAE04EC0-301F-11D3-BF4B-00C04F79EFBC}") = "AstarPathfindingProjectEditor", "AstarPathfindingProjectEditor.csproj", "{2247E6E4-6690-75BB-E5F0-4F30BC5A1C5D}"
EndProject
Project("{FAE04EC0-301F-11D3-BF4B-00C04F79EFBC}") = "PackageToolsEditor", "PackageToolsEditor.csproj", "{13C74137-E3B5-365C-06BA-0E672A621516}"
EndProject
Project("{FAE04EC0-301F-11D3-BF4B-00C04F79EFBC}") = "Assembly-Baracuda-Monitoring-Editor", "Assembly-Baracuda-Monitoring-Editor.csproj", "{0D114B8F-464E-DF6C-50B3-7111BE85A563}"
EndProject
Project("{FAE04EC0-301F-11D3-BF4B-00C04F79EFBC}") = "Assembly-Baracuda-Threading-Editor", "Assembly-Baracuda-Threading-Editor.csproj", "{2CD4FFC1-049A-15C3-E920-B166343FF2A6}"
EndProject
Project("{2150E333-8FDC-42A3-9474-1A3956D46DE8}") = "Solution Items", "Solution Items", "{AD80C8EC-CFEC-47BC-A080-EE9B123F4FD9}"
	ProjectSection(SolutionItems) = preProject
		.editorconfig = .editorconfig
	EndProjectSection
EndProject
Global
	GlobalSection(SolutionConfigurationPlatforms) = preSolution
		Debug|Any CPU = Debug|Any CPU
		Release|Any CPU = Release|Any CPU
	EndGlobalSection
	GlobalSection(ProjectConfigurationPlatforms) = postSolution
		{EBAB5EB1-2583-5632-1905-4465622CB3FE}.Debug|Any CPU.ActiveCfg = Debug|Any CPU
		{EBAB5EB1-2583-5632-1905-4465622CB3FE}.Debug|Any CPU.Build.0 = Debug|Any CPU
		{EBAB5EB1-2583-5632-1905-4465622CB3FE}.Release|Any CPU.ActiveCfg = Release|Any CPU
		{EBAB5EB1-2583-5632-1905-4465622CB3FE}.Release|Any CPU.Build.0 = Release|Any CPU
		{C176926D-4BF8-1F7C-352E-3AE12EF4AD52}.Debug|Any CPU.ActiveCfg = Debug|Any CPU
		{C176926D-4BF8-1F7C-352E-3AE12EF4AD52}.Debug|Any CPU.Build.0 = Debug|Any CPU
		{C176926D-4BF8-1F7C-352E-3AE12EF4AD52}.Release|Any CPU.ActiveCfg = Release|Any CPU
		{C176926D-4BF8-1F7C-352E-3AE12EF4AD52}.Release|Any CPU.Build.0 = Release|Any CPU
		{972A66B7-03CE-F1B3-5368-61AABEA5573E}.Debug|Any CPU.ActiveCfg = Debug|Any CPU
		{972A66B7-03CE-F1B3-5368-61AABEA5573E}.Debug|Any CPU.Build.0 = Debug|Any CPU
		{972A66B7-03CE-F1B3-5368-61AABEA5573E}.Release|Any CPU.ActiveCfg = Release|Any CPU
		{972A66B7-03CE-F1B3-5368-61AABEA5573E}.Release|Any CPU.Build.0 = Release|Any CPU
		{0D2EC563-CAC8-E2BA-7B87-A655B33E8256}.Debug|Any CPU.ActiveCfg = Debug|Any CPU
		{0D2EC563-CAC8-E2BA-7B87-A655B33E8256}.Debug|Any CPU.Build.0 = Debug|Any CPU
		{0D2EC563-CAC8-E2BA-7B87-A655B33E8256}.Release|Any CPU.ActiveCfg = Release|Any CPU
		{0D2EC563-CAC8-E2BA-7B87-A655B33E8256}.Release|Any CPU.Build.0 = Release|Any CPU
		{D3293A88-31AE-C57F-1341-750617C73CC1}.Debug|Any CPU.ActiveCfg = Debug|Any CPU
		{D3293A88-31AE-C57F-1341-750617C73CC1}.Debug|Any CPU.Build.0 = Debug|Any CPU
		{D3293A88-31AE-C57F-1341-750617C73CC1}.Release|Any CPU.ActiveCfg = Release|Any CPU
		{D3293A88-31AE-C57F-1341-750617C73CC1}.Release|Any CPU.Build.0 = Release|Any CPU
		{CD6CFFD5-B4A4-69EF-CF20-B85336E5B7AF}.Debug|Any CPU.ActiveCfg = Debug|Any CPU
		{CD6CFFD5-B4A4-69EF-CF20-B85336E5B7AF}.Debug|Any CPU.Build.0 = Debug|Any CPU
		{CD6CFFD5-B4A4-69EF-CF20-B85336E5B7AF}.Release|Any CPU.ActiveCfg = Release|Any CPU
		{CD6CFFD5-B4A4-69EF-CF20-B85336E5B7AF}.Release|Any CPU.Build.0 = Release|Any CPU
		{24C270D6-C2A9-5C0F-3168-D3A7FF59DE1B}.Debug|Any CPU.ActiveCfg = Debug|Any CPU
		{24C270D6-C2A9-5C0F-3168-D3A7FF59DE1B}.Debug|Any CPU.Build.0 = Debug|Any CPU
		{24C270D6-C2A9-5C0F-3168-D3A7FF59DE1B}.Release|Any CPU.ActiveCfg = Release|Any CPU
		{24C270D6-C2A9-5C0F-3168-D3A7FF59DE1B}.Release|Any CPU.Build.0 = Release|Any CPU
		{945A19EA-B8DA-8E8A-5C05-2BD80E2410F6}.Debug|Any CPU.ActiveCfg = Debug|Any CPU
		{945A19EA-B8DA-8E8A-5C05-2BD80E2410F6}.Debug|Any CPU.Build.0 = Debug|Any CPU
		{945A19EA-B8DA-8E8A-5C05-2BD80E2410F6}.Release|Any CPU.ActiveCfg = Release|Any CPU
		{945A19EA-B8DA-8E8A-5C05-2BD80E2410F6}.Release|Any CPU.Build.0 = Release|Any CPU
		{2247E6E4-6690-75BB-E5F0-4F30BC5A1C5D}.Debug|Any CPU.ActiveCfg = Debug|Any CPU
		{2247E6E4-6690-75BB-E5F0-4F30BC5A1C5D}.Debug|Any CPU.Build.0 = Debug|Any CPU
		{2247E6E4-6690-75BB-E5F0-4F30BC5A1C5D}.Release|Any CPU.ActiveCfg = Release|Any CPU
		{2247E6E4-6690-75BB-E5F0-4F30BC5A1C5D}.Release|Any CPU.Build.0 = Release|Any CPU
		{13C74137-E3B5-365C-06BA-0E672A621516}.Debug|Any CPU.ActiveCfg = Debug|Any CPU
		{13C74137-E3B5-365C-06BA-0E672A621516}.Debug|Any CPU.Build.0 = Debug|Any CPU
		{13C74137-E3B5-365C-06BA-0E672A621516}.Release|Any CPU.ActiveCfg = Release|Any CPU
		{13C74137-E3B5-365C-06BA-0E672A621516}.Release|Any CPU.Build.0 = Release|Any CPU
		{0D114B8F-464E-DF6C-50B3-7111BE85A563}.Debug|Any CPU.ActiveCfg = Debug|Any CPU
		{0D114B8F-464E-DF6C-50B3-7111BE85A563}.Debug|Any CPU.Build.0 = Debug|Any CPU
		{0D114B8F-464E-DF6C-50B3-7111BE85A563}.Release|Any CPU.ActiveCfg = Release|Any CPU
		{0D114B8F-464E-DF6C-50B3-7111BE85A563}.Release|Any CPU.Build.0 = Release|Any CPU
		{2CD4FFC1-049A-15C3-E920-B166343FF2A6}.Debug|Any CPU.ActiveCfg = Debug|Any CPU
		{2CD4FFC1-049A-15C3-E920-B166343FF2A6}.Debug|Any CPU.Build.0 = Debug|Any CPU
		{2CD4FFC1-049A-15C3-E920-B166343FF2A6}.Release|Any CPU.ActiveCfg = Release|Any CPU
		{2CD4FFC1-049A-15C3-E920-B166343FF2A6}.Release|Any CPU.Build.0 = Release|Any CPU
	EndGlobalSection
	GlobalSection(SolutionProperties) = preSolution
		HideSolutionNode = FALSE
	EndGlobalSection
EndGlobal
